// !$*UTF8*$!
{
	archiveVersion = 1;
	classes = {
	};
	objectVersion = 46;
	objects = {

/* Begin PBXBuildFile section */
		CF2D2FF41E96CF92004914E8 /* ImageAssets.xcassets in Resources */ = {isa = PBXBuildFile; fileRef = CF2D2FF31E96CF92004914E8 /* ImageAssets.xcassets */; };
		CF7ED5BE1E92C3A900E609A0 /* AppDelegate.swift in Sources */ = {isa = PBXBuildFile; fileRef = CF7ED5BD1E92C3A900E609A0 /* AppDelegate.swift */; };
		CF7ED5C01E92C3A900E609A0 /* RecordSoundsVC.swift in Sources */ = {isa = PBXBuildFile; fileRef = CF7ED5BF1E92C3A900E609A0 /* RecordSoundsVC.swift */; };
		CF7ED5C31E92C3A900E609A0 /* Main.storyboard in Resources */ = {isa = PBXBuildFile; fileRef = CF7ED5C11E92C3A900E609A0 /* Main.storyboard */; };
		CF7ED5C81E92C3A900E609A0 /* LaunchScreen.storyboard in Resources */ = {isa = PBXBuildFile; fileRef = CF7ED5C61E92C3A900E609A0 /* LaunchScreen.storyboard */; };
		CFF1FBCB1E95866500005B19 /* PlaySoundsVC.swift in Sources */ = {isa = PBXBuildFile; fileRef = CFF1FBCA1E95866500005B19 /* PlaySoundsVC.swift */; };
		CFF1FBCD1E959ED500005B19 /* playsoundsviewcontroller-audio.swift in Sources */ = {isa = PBXBuildFile; fileRef = CFF1FBCC1E959ED500005B19 /* playsoundsviewcontroller-audio.swift */; };
/* End PBXBuildFile section */

/* Begin PBXFileReference section */
		CF2D2FF31E96CF92004914E8 /* ImageAssets.xcassets */ = {isa = PBXFileReference; lastKnownFileType = folder.assetcatalog; name = ImageAssets.xcassets; path = ../ImageAssets.xcassets; sourceTree = "<group>"; };
		CF7ED5BA1E92C3A900E609A0 /* PitchPerfect.app */ = {isa = PBXFileReference; explicitFileType = wrapper.application; includeInIndex = 0; path = PitchPerfect.app; sourceTree = BUILT_PRODUCTS_DIR; };
		CF7ED5BD1E92C3A900E609A0 /* AppDelegate.swift */ = {isa = PBXFileReference; lastKnownFileType = sourcecode.swift; path = AppDelegate.swift; sourceTree = "<group>"; };
		CF7ED5BF1E92C3A900E609A0 /* RecordSoundsVC.swift */ = {isa = PBXFileReference; lastKnownFileType = sourcecode.swift; path = RecordSoundsVC.swift; sourceTree = "<group>"; };
		CF7ED5C21E92C3A900E609A0 /* Base */ = {isa = PBXFileReference; lastKnownFileType = file.storyboard; name = Base; path = Base.lproj/Main.storyboard; sourceTree = "<group>"; };
		CF7ED5C71E92C3A900E609A0 /* Base */ = {isa = PBXFileReference; lastKnownFileType = file.storyboard; name = Base; path = Base.lproj/LaunchScreen.storyboard; sourceTree = "<group>"; };
		CF7ED5C91E92C3A900E609A0 /* Info.plist */ = {isa = PBXFileReference; lastKnownFileType = text.plist.xml; path = Info.plist; sourceTree = "<group>"; };
		CFF1FBCA1E95866500005B19 /* PlaySoundsVC.swift */ = {isa = PBXFileReference; fileEncoding = 4; lastKnownFileType = sourcecode.swift; path = PlaySoundsVC.swift; sourceTree = "<group>"; };
		CFF1FBCC1E959ED500005B19 /* playsoundsviewcontroller-audio.swift */ = {isa = PBXFileReference; fileEncoding = 4; lastKnownFileType = sourcecode.swift; path = "playsoundsviewcontroller-audio.swift"; sourceTree = "<group>"; };
/* End PBXFileReference section */

/* Begin PBXFrameworksBuildPhase section */
		CF7ED5B71E92C3A900E609A0 /* Frameworks */ = {
			isa = PBXFrameworksBuildPhase;
			buildActionMask = 2147483647;
			files = (
			);
			runOnlyForDeploymentPostprocessing = 0;
		};
/* End PBXFrameworksBuildPhase section */

/* Begin PBXGroup section */
		CF7ED5B11E92C3A900E609A0 = {
			isa = PBXGroup;
			children = (
				CF7ED5BC1E92C3A900E609A0 /* PitchPerfect */,
				CF7ED5BB1E92C3A900E609A0 /* Products */,
			);
			sourceTree = "<group>";
		};
		CF7ED5BB1E92C3A900E609A0 /* Products */ = {
			isa = PBXGroup;
			children = (
				CF7ED5BA1E92C3A900E609A0 /* PitchPerfect.app */,
			);
			name = Products;
			sourceTree = "<group>";
		};
		CF7ED5BC1E92C3A900E609A0 /* PitchPerfect */ = {
			isa = PBXGroup;
			children = (
				CF7ED5BD1E92C3A900E609A0 /* AppDelegate.swift */,
				CF7ED5BF1E92C3A900E609A0 /* RecordSoundsVC.swift */,
				CFF1FBCA1E95866500005B19 /* PlaySoundsVC.swift */,
				CFF1FBCC1E959ED500005B19 /* playsoundsviewcontroller-audio.swift */,
				CF7ED5C11E92C3A900E609A0 /* Main.storyboard */,
				CF7ED5C61E92C3A900E609A0 /* LaunchScreen.storyboard */,
				CF2D2FF31E96CF92004914E8 /* ImageAssets.xcassets */,
				CF7ED5C91E92C3A900E609A0 /* Info.plist */,
			);
			path = PitchPerfect;
			sourceTree = "<group>";
		};
/* End PBXGroup section */

/* Begin PBXNativeTarget section */
		CF7ED5B91E92C3A900E609A0 /* PitchPerfect */ = {
			isa = PBXNativeTarget;
			buildConfigurationList = CF7ED5CC1E92C3A900E609A0 /* Build configuration list for PBXNativeTarget "PitchPerfect" */;
			buildPhases = (
				CF7ED5B61E92C3A900E609A0 /* Sources */,
				CF7ED5B71E92C3A900E609A0 /* Frameworks */,
				CF7ED5B81E92C3A900E609A0 /* Resources */,
			);
			buildRules = (
			);
			dependencies = (
			);
			name = PitchPerfect;
			productName = PitchPerfect;
			productReference = CF7ED5BA1E92C3A900E609A0 /* PitchPerfect.app */;
			productType = "com.apple.product-type.application";
		};
/* End PBXNativeTarget section */

/* Begin PBXProject section */
		CF7ED5B21E92C3A900E609A0 /* Project object */ = {
			isa = PBXProject;
			attributes = {
				LastSwiftUpdateCheck = 0820;
				LastUpgradeCheck = 0820;
				ORGANIZATIONNAME = YTK;
				TargetAttributes = {
					CF7ED5B91E92C3A900E609A0 = {
						CreatedOnToolsVersion = 8.2.1;
						DevelopmentTeam = TVHJ8VSCRK;
						ProvisioningStyle = Automatic;
					};
				};
			};
			buildConfigurationList = CF7ED5B51E92C3A900E609A0 /* Build configuration list for PBXProject "PitchPerfect" */;
			compatibilityVersion = "Xcode 3.2";
			developmentRegion = English;
			hasScannedForEncodings = 0;
			knownRegions = (
				en,
				Base,
			);
			mainGroup = CF7ED5B11E92C3A900E609A0;
			productRefGroup = CF7ED5BB1E92C3A900E609A0 /* Products */;
			projectDirPath = "";
			projectRoot = "";
			targets = (
				CF7ED5B91E92C3A900E609A0 /* PitchPerfect */,
			);
		};
/* End PBXProject section */

/* Begin PBXResourcesBuildPhase section */
		CF7ED5B81E92C3A900E609A0 /* Resources */ = {
			isa = PBXResourcesBuildPhase;
			buildActionMask = 2147483647;
			files = (
				CF7ED5C81E92C3A900E609A0 /* LaunchScreen.storyboard in Resources */,
				CF7ED5C31E92C3A900E609A0 /* Main.storyboard in Resources */,
				CF2D2FF41E96CF92004914E8 /* ImageAssets.xcassets in Resources */,
			);
			runOnlyForDeploymentPostprocessing = 0;
		};
/* End PBXResourcesBuildPhase section */

/* Begin PBXSourcesBuildPhase section */
		CF7ED5B61E92C3A900E609A0 /* Sources */ = {
			isa = PBXSourcesBuildPhase;
			buildActionMask = 2147483647;
			files = (
				CF7ED5C01E92C3A900E609A0 /* RecordSoundsVC.swift in Sources */,
				CFF1FBCB1E95866500005B19 /* PlaySoundsVC.swift in Sources */,
				CF7ED5BE1E92C3A900E609A0 /* AppDelegate.swift in Sources */,
				CFF1FBCD1E959ED500005B19 /* playsoundsviewcontroller-audio.swift in Sources */,
			);
			runOnlyForDeploymentPostprocessing = 0;
		};
/* End PBXSourcesBuildPhase section */

/* Begin PBXVariantGroup section */
		CF7ED5C11E92C3A900E609A0 /* Main.storyboard */ = {
			isa = PBXVariantGroup;
			children = (
				CF7ED5C21E92C3A900E609A0 /* Base */,
			);
			name = Main.storyboard;
			sourceTree = "<group>";
		};
		CF7ED5C61E92C3A900E609A0 /* LaunchScreen.storyboard */ = {
			isa = PBXVariantGroup;
			children = (
				CF7ED5C71E92C3A900E609A0 /* Base */,
			);
			name = LaunchScreen.storyboard;
			sourceTree = "<group>";
		};
/* End PBXVariantGroup section */

/* Begin XCBuildConfiguration section */
		CF7ED5CA1E92C3A900E609A0 /* Debug */ = {
			isa = XCBuildConfiguration;
			buildSettings = {
				ALWAYS_SEARCH_USER_PATHS = NO;
				CLANG_ANALYZER_NONNULL = YES;
				CLANG_CXX_LANGUAGE_STANDARD = "gnu++0x";
				CLANG_CXX_LIBRARY = "libc++";
				CLANG_ENABLE_MODULES = YES;
				CLANG_ENABLE_OBJC_ARC = YES;
				CLANG_WARN_BOOL_CONVERSION = YES;
				CLANG_WARN_CONSTANT_CONVERSION = YES;
				CLANG_WARN_DIRECT_OBJC_ISA_USAGE = YES_ERROR;
				CLANG_WARN_DOCUMENTATION_COMMENTS = YES;
				CLANG_WARN_EMPTY_BODY = YES;
				CLANG_WARN_ENUM_CONVERSION = YES;
				CLANG_WARN_INFINITE_RECURSION = YES;
				CLANG_WARN_INT_CONVERSION = YES;
				CLANG_WARN_OBJC_ROOT_CLASS = YES_ERROR;
				CLANG_WARN_SUSPICIOUS_MOVE = YES;
				CLANG_WARN_UNREACHABLE_CODE = YES;
				CLANG_WARN__DUPLICATE_METHOD_MATCH = YES;
				"CODE_SIGN_IDENTITY[sdk=iphoneos*]" = "iPhone Developer";
				COPY_PHASE_STRIP = NO;
				DEBUG_INFORMATION_FORMAT = dwarf;
				ENABLE_STRICT_OBJC_MSGSEND = YES;
				ENABLE_TESTABILITY = YES;
				GCC_C_LANGUAGE_STANDARD = gnu99;
				GCC_DYNAMIC_NO_PIC = NO;
				GCC_NO_COMMON_BLOCKS = YES;
				GCC_OPTIMIZATION_LEVEL = 0;
				GCC_PREPROCESSOR_DEFINITIONS = (
					"DEBUG=1",
					"$(inherited)",
				);
				GCC_WARN_64_TO_32_BIT_CONVERSION = YES;
				GCC_WARN_ABOUT_RETURN_TYPE = YES_ERROR;
				GCC_WARN_UNDECLARED_SELECTOR = YES;
				GCC_WARN_UNINITIALIZED_AUTOS = YES_AGGRESSIVE;
				GCC_WARN_UNUSED_FUNCTION = YES;
				GCC_WARN_UNUSED_VARIABLE = YES;
				IPHONEOS_DEPLOYMENT_TARGET = 10.2;
				MTL_ENABLE_DEBUG_INFO = YES;
				ONLY_ACTIVE_ARCH = YES;
				SDKROOT = iphoneos;
				SWIFT_ACTIVE_COMPILATION_CONDITIONS = DEBUG;
				SWIFT_OPTIMIZATION_LEVEL = "-Onone";
				TARGETED_DEVICE_FAMILY = "1,2";
			};
			name = Debug;
		};
		CF7ED5CB1E92C3A900E609A0 /* Release */ = {
			isa = XCBuildConfiguration;
			buildSettings = {
				ALWAYS_SEARCH_USER_PATHS = NO;
				CLANG_ANALYZER_NONNULL = YES;
				CLANG_CXX_LANGUAGE_STANDARD = "gnu++0x";
				CLANG_CXX_LIBRARY = "libc++";
				CLANG_ENABLE_MODULES = YES;
				CLANG_ENABLE_OBJC_ARC = YES;
				CLANG_WARN_BOOL_CONVERSION = YES;
				CLANG_WARN_CONSTANT_CONVERSION = YES;
				CLANG_WARN_DIRECT_OBJC_ISA_USAGE = YES_ERROR;
				CLANG_WARN_DOCUMENTATION_COMMENTS = YES;
				CLANG_WARN_EMPTY_BODY = YES;
				CLANG_WARN_ENUM_CONVERSION = YES;
				CLANG_WARN_INFINITE_RECURSION = YES;
				CLANG_WARN_INT_CONVERSION = YES;
				CLANG_WARN_OBJC_ROOT_CLASS = YES_ERROR;
				CLANG_WARN_SUSPICIOUS_MOVE = YES;
				CLANG_WARN_UNREACHABLE_CODE = YES;
				CLANG_WARN__DUPLICATE_METHOD_MATCH = YES;
				"CODE_SIGN_IDENTITY[sdk=iphoneos*]" = "iPhone Developer";
				COPY_PHASE_STRIP = NO;
				DEBUG_INFORMATION_FORMAT = "dwarf-with-dsym";
				ENABLE_NS_ASSERTIONS = NO;
				ENABLE_STRICT_OBJC_MSGSEND = YES;
				GCC_C_LANGUAGE_STANDARD = gnu99;
				GCC_NO_COMMON_BLOCKS = YES;
				GCC_WARN_64_TO_32_BIT_CONVERSION = YES;
				GCC_WARN_ABOUT_RETURN_TYPE = YES_ERROR;
				GCC_WARN_UNDECLARED_SELECTOR = YES;
				GCC_WARN_UNINITIALIZED_AUTOS = YES_AGGRESSIVE;
				GCC_WARN_UNUSED_FUNCTION = YES;
				GCC_WARN_UNUSED_VARIABLE = YES;
				IPHONEOS_DEPLOYMENT_TARGET = 10.2;
				MTL_ENABLE_DEBUG_INFO = NO;
				SDKROOT = iphoneos;
				SWIFT_OPTIMIZATION_LEVEL = "-Owholemodule";
				TARGETED_DEVICE_FAMILY = "1,2";
				VALIDATE_PRODUCT = YES;
			};
			name = Release;
		};
		CF7ED5CD1E92C3A900E609A0 /* Debug */ = {
			isa = XCBuildConfiguration;
			buildSettings = {
				ASSETCATALOG_COMPILER_APPICON_NAME = AppIcon;
				DEVELOPMENT_TEAM = TVHJ8VSCRK;
				INFOPLIST_FILE = PitchPerfect/Info.plist;
				LD_RUNPATH_SEARCH_PATHS = "$(inherited) @executable_path/Frameworks";
				PRODUCT_BUNDLE_IDENTIFIER = com.ytk.PitchPerfect;
				PRODUCT_NAME = "$(TARGET_NAME)";
				SWIFT_VERSION = 3.0;
			};
			name = Debug;
		};
		CF7ED5CE1E92C3A900E609A0 /* Release */ = {
			isa = XCBuildConfiguration;
			buildSettings = {
				ASSETCATALOG_COMPILER_APPICON_NAME = AppIcon;
				DEVELOPMENT_TEAM = TVHJ8VSCRK;
				INFOPLIST_FILE = PitchPerfect/Info.plist;
				LD_RUNPATH_SEARCH_PATHS = "$(inherited) @executable_path/Frameworks";
				PRODUCT_BUNDLE_IDENTIFIER = com.ytk.PitchPerfect;
				PRODUCT_NAME = "$(TARGET_NAME)";
				SWIFT_VERSION = 3.0;
			};
			name = Release;
		};
/* End XCBuildConfiguration section */

/* Begin XCConfigurationList section */
		CF7ED5B51E92C3A900E609A0 /* Build configuration list for PBXProject "PitchPerfect" */ = {
			isa = XCConfigurationList;
			buildConfigurations = (
				CF7ED5CA1E92C3A900E609A0 /* Debug */,
				CF7ED5CB1E92C3A900E609A0 /* Release */,
			);
			defaultConfigurationIsVisible = 0;
			defaultConfigurationName = Release;
		};
		CF7ED5CC1E92C3A900E609A0 /* Build configuration list for PBXNativeTarget "PitchPerfect" */ = {
			isa = XCConfigurationList;
			buildConfigurations = (
				CF7ED5CD1E92C3A900E609A0 /* Debug */,
				CF7ED5CE1E92C3A900E609A0 /* Release */,
			);
			defaultConfigurationIsVisible = 0;
			defaultConfigurationName = Release;
		};
/* End XCConfigurationList section */
	};
	rootObject = CF7ED5B21E92C3A900E609A0 /* Project object */;
}
